{
  "name": "telegram-bot-ftx",
  "version": "1.0.0",
  "lockfileVersion": 2,
  "requires": true,
  "packages": {
    "": {
      "version": "1.0.0",
      "license": "ISC",
      "dependencies": {
        "ftx-api-rest": "^0.0.7"
      }
    },
    "node_modules/ftx-api-rest": {
      "version": "0.0.7",
      "resolved": "https://registry.npmjs.org/ftx-api-rest/-/ftx-api-rest-0.0.7.tgz",
      "integrity": "sha512-+wAba36DJuW0hNz/rTc0GtmcYILEfxLC0mXW3o/9txDO3mWLUSHhRSHN87RkmYWB9xf54S926K/CrYBk5ibbyg=="
    }
  },
  "dependencies": {
    "ftx-api-rest": {
      "version": "0.0.7",
      "resolved": "https://registry.npmjs.org/ftx-api-rest/-/ftx-api-rest-0.0.7.tgz",
      "integrity": "sha512-+wAba36DJuW0hNz/rTc0GtmcYILEfxLC0mXW3o/9txDO3mWLUSHhRSHN87RkmYWB9xf54S926K/CrYBk5ibbyg=="
    }
  }
}
